
Microsoft Visual Studio Solution File, Format Version 12.00
# Visual Studio 15
VisualStudioVersion = 15.0.28307.757
MinimumVisualStudioVersion = 10.0.40219.1
Project("{FAE04EC0-301F-11D3-BF4B-00C04F79EFBC}") = "Dvor.Web", "Dvor.Web\Dvor.Web.csproj", "{F2DBCDC3-9D30-4742-B2ED-CAB0BAD02709}"
EndProject
Project("{FAE04EC0-301F-11D3-BF4B-00C04F79EFBC}") = "Dvor.DAL", "Dvor.DAL\Dvor.DAL.csproj", "{97B762A4-B418-46F2-BF2A-A83E7AC1E11C}"
EndProject
Project("{FAE04EC0-301F-11D3-BF4B-00C04F79EFBC}") = "Dvor.BLL", "Dvor.BLL\Dvor.BLL.csproj", "{66FED82F-EA89-499A-985B-1C647FB891A3}"
EndProject
Project("{FAE04EC0-301F-11D3-BF4B-00C04F79EFBC}") = "Dvor.Common", "Dvor.Common\Dvor.Common.csproj", "{75B10094-1A72-4CD4-9BC4-795C8E48F0BF}"
EndProject
Global
	GlobalSection(SolutionConfigurationPlatforms) = preSolution
		Debug|Any CPU = Debug|Any CPU
		Release|Any CPU = Release|Any CPU
	EndGlobalSection
	GlobalSection(ProjectConfigurationPlatforms) = postSolution
		{F2DBCDC3-9D30-4742-B2ED-CAB0BAD02709}.Debug|Any CPU.ActiveCfg = Debug|Any CPU
		{F2DBCDC3-9D30-4742-B2ED-CAB0BAD02709}.Debug|Any CPU.Build.0 = Debug|Any CPU
		{F2DBCDC3-9D30-4742-B2ED-CAB0BAD02709}.Release|Any CPU.ActiveCfg = Release|Any CPU
		{F2DBCDC3-9D30-4742-B2ED-CAB0BAD02709}.Release|Any CPU.Build.0 = Release|Any CPU
		{97B762A4-B418-46F2-BF2A-A83E7AC1E11C}.Debug|Any CPU.ActiveCfg = Debug|Any CPU
		{97B762A4-B418-46F2-BF2A-A83E7AC1E11C}.Debug|Any CPU.Build.0 = Debug|Any CPU
		{97B762A4-B418-46F2-BF2A-A83E7AC1E11C}.Release|Any CPU.ActiveCfg = Release|Any CPU
		{97B762A4-B418-46F2-BF2A-A83E7AC1E11C}.Release|Any CPU.Build.0 = Release|Any CPU
		{66FED82F-EA89-499A-985B-1C647FB891A3}.Debug|Any CPU.ActiveCfg = Debug|Any CPU
		{66FED82F-EA89-499A-985B-1C647FB891A3}.Debug|Any CPU.Build.0 = Debug|Any CPU
		{66FED82F-EA89-499A-985B-1C647FB891A3}.Release|Any CPU.ActiveCfg = Release|Any CPU
		{66FED82F-EA89-499A-985B-1C647FB891A3}.Release|Any CPU.Build.0 = Release|Any CPU
		{75B10094-1A72-4CD4-9BC4-795C8E48F0BF}.Debug|Any CPU.ActiveCfg = Debug|Any CPU
		{75B10094-1A72-4CD4-9BC4-795C8E48F0BF}.Debug|Any CPU.Build.0 = Debug|Any CPU
		{75B10094-1A72-4CD4-9BC4-795C8E48F0BF}.Release|Any CPU.ActiveCfg = Release|Any CPU
		{75B10094-1A72-4CD4-9BC4-795C8E48F0BF}.Release|Any CPU.Build.0 = Release|Any CPU
	EndGlobalSection
	GlobalSection(SolutionProperties) = preSolution
		HideSolutionNode = FALSE
	EndGlobalSection
	GlobalSection(ExtensibilityGlobals) = postSolution
		SolutionGuid = {E7D73D8F-F7F9-4807-90A8-FC6FF6A31C5D}
	EndGlobalSection
EndGlobal
